# THIS IS AN AUTOGENERATED FILE. DO NOT EDIT THIS FILE DIRECTLY.
# yarn lockfile v1


cuid@^2.1.4:
  version "2.1.4"
  resolved "https://registry.yarnpkg.com/cuid/-/cuid-2.1.4.tgz#e1178eb92a05ef9364b29a9942feed36d3604cdd"
  integrity sha512-l1vrCiWOwBpu85bfm939Hg3MQh2alxAMoGZnjcJOYkgN7wzy9yi3vQhRzwcTr9mdIlfTp8DP9G5ZgIIPyaQEvg==

nanoid@^2.0.0:
  version "2.0.0"
  resolved "https://registry.yarnpkg.com/nanoid/-/nanoid-2.0.0.tgz#e1ab4a4b024a38d15531ba34a712a201540de639"
  integrity sha512-SG2qscLE3iM4C0CNzGrsAojJHSVHMS1J8NnvJ31P1lH8P0hGHOiafmniNJz6w6q7vuoDlV7RdySlJgtqkFEVtQ==

shortid@^2.2.14:
  version "2.2.14"
  resolved "https://registry.yarnpkg.com/shortid/-/shortid-2.2.14.tgz#80db6aafcbc3e3a46850b3c88d39e051b84c8d18"
  integrity sha512-4UnZgr9gDdA1kaKj/38IiudfC3KHKhDc1zi/HSxd9FQDR0VLwH3/y79tZJLsVYPsJgIjeHjqIWaWVRJUj9qZOQ==
  dependencies:
    nanoid "^2.0.0"

uuid@^3.3.2:
  version "3.3.2"
  resolved "https://registry.yarnpkg.com/uuid/-/uuid-3.3.2.tgz#1b4af4955eb3077c501c23872fc6513811587131"
  integrity sha512-yXJmeNaw3DnnKAOKJE51sL/ZaYfWJRl1pK9dr19YFCu0ObS231AB1/LbqTKRAQ5kw8A90rA6fr4riOUpTZvQZA==
