{
  "name": "logic-db-docs",
  "version": "0.0.1",
  "lockfileVersion": 1,
  "requires": true,
  "dependencies": {
    "logic-db": {
      "version": "0.0.4",
      "resolved": "https://registry.npmjs.org/logic-db/-/logic-db-0.0.4.tgz",
      "integrity": "sha512-OIxI0+t0EbnMWuQqgZlxrbTRRUoDMXArdBDKzpyD/7Yrc8rPno3GEHn/l0pOaHx5LS+J3uOIHoqQOZhM8U9Hrw=="
    }
  }
}
